
Microsoft Visual Studio Solution File, Format Version 12.00
# Visual Studio Version 17
Project("{8BC9CEB8-8B4A-11D0-8D11-00A0C91BC942}") = "ALL_BUILD", "ALL_BUILD.vcxproj", "{A156E326-5913-3CF0-9C8C-06D6D5521A87}"
	ProjectSection(ProjectDependencies) = postProject
		{10622189-B237-355C-911C-8B87C889F5B6} = {10622189-B237-355C-911C-8B87C889F5B6}
	EndProjectSection
EndProject
Project("{8BC9CEB8-8B4A-11D0-8D11-00A0C91BC942}") = "EngineModule", "..\Runtime\Engine\EngineModule.vcxproj", "{350F6C0A-32AF-31C9-A375-F311DFDF7E93}"
	ProjectSection(ProjectDependencies) = postProject
		{47707A49-5824-337E-ABFD-3FAA87095428} = {47707A49-5824-337E-ABFD-3FAA87095428}
		{D3D3E736-3870-327B-8F79-287CBCBFA7DB} = {D3D3E736-3870-327B-8F79-287CBCBFA7DB}
	EndProjectSection
EndProject
Project("{8BC9CEB8-8B4A-11D0-8D11-00A0C91BC942}") = "MathModule", "..\Runtime\Math\MathModule.vcxproj", "{47707A49-5824-337E-ABFD-3FAA87095428}"
	ProjectSection(ProjectDependencies) = postProject
	EndProjectSection
EndProject
Project("{8BC9CEB8-8B4A-11D0-8D11-00A0C91BC942}") = "RendererModule", "..\Runtime\Renderer\RendererModule.vcxproj", "{D3D3E736-3870-327B-8F79-287CBCBFA7DB}"
	ProjectSection(ProjectDependencies) = postProject
		{47707A49-5824-337E-ABFD-3FAA87095428} = {47707A49-5824-337E-ABFD-3FAA87095428}
	EndProjectSection
EndProject
Project("{8BC9CEB8-8B4A-11D0-8D11-00A0C91BC942}") = "SoftRendererPlayer", "SoftRendererPlayer.vcxproj", "{10622189-B237-355C-911C-8B87C889F5B6}"
	ProjectSection(ProjectDependencies) = postProject
		{350F6C0A-32AF-31C9-A375-F311DFDF7E93} = {350F6C0A-32AF-31C9-A375-F311DFDF7E93}
		{47707A49-5824-337E-ABFD-3FAA87095428} = {47707A49-5824-337E-ABFD-3FAA87095428}
		{D3D3E736-3870-327B-8F79-287CBCBFA7DB} = {D3D3E736-3870-327B-8F79-287CBCBFA7DB}
	EndProjectSection
EndProject
Global
	GlobalSection(SolutionConfigurationPlatforms) = preSolution
		Debug|x64 = Debug|x64
		Release|x64 = Release|x64
		MinSizeRel|x64 = MinSizeRel|x64
		RelWithDebInfo|x64 = RelWithDebInfo|x64
	EndGlobalSection
	GlobalSection(ProjectConfigurationPlatforms) = postSolution
		{A156E326-5913-3CF0-9C8C-06D6D5521A87}.Debug|x64.ActiveCfg = Debug|x64
		{A156E326-5913-3CF0-9C8C-06D6D5521A87}.Release|x64.ActiveCfg = Release|x64
		{A156E326-5913-3CF0-9C8C-06D6D5521A87}.MinSizeRel|x64.ActiveCfg = MinSizeRel|x64
		{A156E326-5913-3CF0-9C8C-06D6D5521A87}.RelWithDebInfo|x64.ActiveCfg = RelWithDebInfo|x64
		{350F6C0A-32AF-31C9-A375-F311DFDF7E93}.Debug|x64.ActiveCfg = Debug|x64
		{350F6C0A-32AF-31C9-A375-F311DFDF7E93}.Debug|x64.Build.0 = Debug|x64
		{350F6C0A-32AF-31C9-A375-F311DFDF7E93}.Release|x64.ActiveCfg = Release|x64
		{350F6C0A-32AF-31C9-A375-F311DFDF7E93}.Release|x64.Build.0 = Release|x64
		{350F6C0A-32AF-31C9-A375-F311DFDF7E93}.MinSizeRel|x64.ActiveCfg = MinSizeRel|x64
		{350F6C0A-32AF-31C9-A375-F311DFDF7E93}.MinSizeRel|x64.Build.0 = MinSizeRel|x64
		{350F6C0A-32AF-31C9-A375-F311DFDF7E93}.RelWithDebInfo|x64.ActiveCfg = RelWithDebInfo|x64
		{350F6C0A-32AF-31C9-A375-F311DFDF7E93}.RelWithDebInfo|x64.Build.0 = RelWithDebInfo|x64
		{47707A49-5824-337E-ABFD-3FAA87095428}.Debug|x64.ActiveCfg = Debug|x64
		{47707A49-5824-337E-ABFD-3FAA87095428}.Debug|x64.Build.0 = Debug|x64
		{47707A49-5824-337E-ABFD-3FAA87095428}.Release|x64.ActiveCfg = Release|x64
		{47707A49-5824-337E-ABFD-3FAA87095428}.Release|x64.Build.0 = Release|x64
		{47707A49-5824-337E-ABFD-3FAA87095428}.MinSizeRel|x64.ActiveCfg = MinSizeRel|x64
		{47707A49-5824-337E-ABFD-3FAA87095428}.MinSizeRel|x64.Build.0 = MinSizeRel|x64
		{47707A49-5824-337E-ABFD-3FAA87095428}.RelWithDebInfo|x64.ActiveCfg = RelWithDebInfo|x64
		{47707A49-5824-337E-ABFD-3FAA87095428}.RelWithDebInfo|x64.Build.0 = RelWithDebInfo|x64
		{D3D3E736-3870-327B-8F79-287CBCBFA7DB}.Debug|x64.ActiveCfg = Debug|x64
		{D3D3E736-3870-327B-8F79-287CBCBFA7DB}.Debug|x64.Build.0 = Debug|x64
		{D3D3E736-3870-327B-8F79-287CBCBFA7DB}.Release|x64.ActiveCfg = Release|x64
		{D3D3E736-3870-327B-8F79-287CBCBFA7DB}.Release|x64.Build.0 = Release|x64
		{D3D3E736-3870-327B-8F79-287CBCBFA7DB}.MinSizeRel|x64.ActiveCfg = MinSizeRel|x64
		{D3D3E736-3870-327B-8F79-287CBCBFA7DB}.MinSizeRel|x64.Build.0 = MinSizeRel|x64
		{D3D3E736-3870-327B-8F79-287CBCBFA7DB}.RelWithDebInfo|x64.ActiveCfg = RelWithDebInfo|x64
		{D3D3E736-3870-327B-8F79-287CBCBFA7DB}.RelWithDebInfo|x64.Build.0 = RelWithDebInfo|x64
		{10622189-B237-355C-911C-8B87C889F5B6}.Debug|x64.ActiveCfg = Debug|x64
		{10622189-B237-355C-911C-8B87C889F5B6}.Debug|x64.Build.0 = Debug|x64
		{10622189-B237-355C-911C-8B87C889F5B6}.Release|x64.ActiveCfg = Release|x64
		{10622189-B237-355C-911C-8B87C889F5B6}.Release|x64.Build.0 = Release|x64
		{10622189-B237-355C-911C-8B87C889F5B6}.MinSizeRel|x64.ActiveCfg = MinSizeRel|x64
		{10622189-B237-355C-911C-8B87C889F5B6}.MinSizeRel|x64.Build.0 = MinSizeRel|x64
		{10622189-B237-355C-911C-8B87C889F5B6}.RelWithDebInfo|x64.ActiveCfg = RelWithDebInfo|x64
		{10622189-B237-355C-911C-8B87C889F5B6}.RelWithDebInfo|x64.Build.0 = RelWithDebInfo|x64
	EndGlobalSection
	GlobalSection(ExtensibilityGlobals) = postSolution
		SolutionGuid = {2C82232E-3B2A-336F-A052-6350EBF549B4}
	EndGlobalSection
	GlobalSection(ExtensibilityAddIns) = postSolution
	EndGlobalSection
EndGlobal
