
Microsoft Visual Studio Solution File, Format Version 12.00
# Visual Studio Version 17
Project("{8BC9CEB8-8B4A-11D0-8D11-00A0C91BC942}") = "SoftRendererPlayer", "Source\Player\SoftRendererPlayer.vcxproj", "{3578CD99-2E53-39A9-AD48-0A41AE971AAE}"
	ProjectSection(ProjectDependencies) = postProject
		{10DBB01D-6131-3123-B881-3EA808EC92AF} = {10DBB01D-6131-3123-B881-3EA808EC92AF}
		{741AB193-0F58-3E79-A8F0-5540D917E015} = {741AB193-0F58-3E79-A8F0-5540D917E015}
		{F8F12F62-4272-386B-8F1A-2A094DC9D335} = {F8F12F62-4272-386B-8F1A-2A094DC9D335}
	EndProjectSection
EndProject
Project("{8BC9CEB8-8B4A-11D0-8D11-00A0C91BC942}") = "ALL_BUILD", "ALL_BUILD.vcxproj", "{467EFEF8-230D-34A0-88B0-6E877CCF35CC}"
	ProjectSection(ProjectDependencies) = postProject
		{10DBB01D-6131-3123-B881-3EA808EC92AF} = {10DBB01D-6131-3123-B881-3EA808EC92AF}
		{741AB193-0F58-3E79-A8F0-5540D917E015} = {741AB193-0F58-3E79-A8F0-5540D917E015}
		{F8F12F62-4272-386B-8F1A-2A094DC9D335} = {F8F12F62-4272-386B-8F1A-2A094DC9D335}
		{3578CD99-2E53-39A9-AD48-0A41AE971AAE} = {3578CD99-2E53-39A9-AD48-0A41AE971AAE}
	EndProjectSection
EndProject
Project("{8BC9CEB8-8B4A-11D0-8D11-00A0C91BC942}") = "EngineModule", "Source\Runtime\Engine\EngineModule.vcxproj", "{10DBB01D-6131-3123-B881-3EA808EC92AF}"
	ProjectSection(ProjectDependencies) = postProject
		{741AB193-0F58-3E79-A8F0-5540D917E015} = {741AB193-0F58-3E79-A8F0-5540D917E015}
		{F8F12F62-4272-386B-8F1A-2A094DC9D335} = {F8F12F62-4272-386B-8F1A-2A094DC9D335}
	EndProjectSection
EndProject
Project("{8BC9CEB8-8B4A-11D0-8D11-00A0C91BC942}") = "MathModule", "Source\Runtime\Math\MathModule.vcxproj", "{741AB193-0F58-3E79-A8F0-5540D917E015}"
	ProjectSection(ProjectDependencies) = postProject
	EndProjectSection
EndProject
Project("{8BC9CEB8-8B4A-11D0-8D11-00A0C91BC942}") = "RendererModule", "Source\Runtime\Renderer\RendererModule.vcxproj", "{F8F12F62-4272-386B-8F1A-2A094DC9D335}"
	ProjectSection(ProjectDependencies) = postProject
		{741AB193-0F58-3E79-A8F0-5540D917E015} = {741AB193-0F58-3E79-A8F0-5540D917E015}
	EndProjectSection
EndProject
Global
	GlobalSection(SolutionConfigurationPlatforms) = preSolution
		Debug|x64 = Debug|x64
		Release|x64 = Release|x64
		MinSizeRel|x64 = MinSizeRel|x64
		RelWithDebInfo|x64 = RelWithDebInfo|x64
	EndGlobalSection
	GlobalSection(ProjectConfigurationPlatforms) = postSolution
		{3578CD99-2E53-39A9-AD48-0A41AE971AAE}.Debug|x64.ActiveCfg = Debug|x64
		{3578CD99-2E53-39A9-AD48-0A41AE971AAE}.Debug|x64.Build.0 = Debug|x64
		{3578CD99-2E53-39A9-AD48-0A41AE971AAE}.Release|x64.ActiveCfg = Release|x64
		{3578CD99-2E53-39A9-AD48-0A41AE971AAE}.Release|x64.Build.0 = Release|x64
		{3578CD99-2E53-39A9-AD48-0A41AE971AAE}.MinSizeRel|x64.ActiveCfg = MinSizeRel|x64
		{3578CD99-2E53-39A9-AD48-0A41AE971AAE}.MinSizeRel|x64.Build.0 = MinSizeRel|x64
		{3578CD99-2E53-39A9-AD48-0A41AE971AAE}.RelWithDebInfo|x64.ActiveCfg = RelWithDebInfo|x64
		{3578CD99-2E53-39A9-AD48-0A41AE971AAE}.RelWithDebInfo|x64.Build.0 = RelWithDebInfo|x64
		{467EFEF8-230D-34A0-88B0-6E877CCF35CC}.Debug|x64.ActiveCfg = Debug|x64
		{467EFEF8-230D-34A0-88B0-6E877CCF35CC}.Release|x64.ActiveCfg = Release|x64
		{467EFEF8-230D-34A0-88B0-6E877CCF35CC}.MinSizeRel|x64.ActiveCfg = MinSizeRel|x64
		{467EFEF8-230D-34A0-88B0-6E877CCF35CC}.RelWithDebInfo|x64.ActiveCfg = RelWithDebInfo|x64
		{10DBB01D-6131-3123-B881-3EA808EC92AF}.Debug|x64.ActiveCfg = Debug|x64
		{10DBB01D-6131-3123-B881-3EA808EC92AF}.Debug|x64.Build.0 = Debug|x64
		{10DBB01D-6131-3123-B881-3EA808EC92AF}.Release|x64.ActiveCfg = Release|x64
		{10DBB01D-6131-3123-B881-3EA808EC92AF}.Release|x64.Build.0 = Release|x64
		{10DBB01D-6131-3123-B881-3EA808EC92AF}.MinSizeRel|x64.ActiveCfg = MinSizeRel|x64
		{10DBB01D-6131-3123-B881-3EA808EC92AF}.MinSizeRel|x64.Build.0 = MinSizeRel|x64
		{10DBB01D-6131-3123-B881-3EA808EC92AF}.RelWithDebInfo|x64.ActiveCfg = RelWithDebInfo|x64
		{10DBB01D-6131-3123-B881-3EA808EC92AF}.RelWithDebInfo|x64.Build.0 = RelWithDebInfo|x64
		{741AB193-0F58-3E79-A8F0-5540D917E015}.Debug|x64.ActiveCfg = Debug|x64
		{741AB193-0F58-3E79-A8F0-5540D917E015}.Debug|x64.Build.0 = Debug|x64
		{741AB193-0F58-3E79-A8F0-5540D917E015}.Release|x64.ActiveCfg = Release|x64
		{741AB193-0F58-3E79-A8F0-5540D917E015}.Release|x64.Build.0 = Release|x64
		{741AB193-0F58-3E79-A8F0-5540D917E015}.MinSizeRel|x64.ActiveCfg = MinSizeRel|x64
		{741AB193-0F58-3E79-A8F0-5540D917E015}.MinSizeRel|x64.Build.0 = MinSizeRel|x64
		{741AB193-0F58-3E79-A8F0-5540D917E015}.RelWithDebInfo|x64.ActiveCfg = RelWithDebInfo|x64
		{741AB193-0F58-3E79-A8F0-5540D917E015}.RelWithDebInfo|x64.Build.0 = RelWithDebInfo|x64
		{F8F12F62-4272-386B-8F1A-2A094DC9D335}.Debug|x64.ActiveCfg = Debug|x64
		{F8F12F62-4272-386B-8F1A-2A094DC9D335}.Debug|x64.Build.0 = Debug|x64
		{F8F12F62-4272-386B-8F1A-2A094DC9D335}.Release|x64.ActiveCfg = Release|x64
		{F8F12F62-4272-386B-8F1A-2A094DC9D335}.Release|x64.Build.0 = Release|x64
		{F8F12F62-4272-386B-8F1A-2A094DC9D335}.MinSizeRel|x64.ActiveCfg = MinSizeRel|x64
		{F8F12F62-4272-386B-8F1A-2A094DC9D335}.MinSizeRel|x64.Build.0 = MinSizeRel|x64
		{F8F12F62-4272-386B-8F1A-2A094DC9D335}.RelWithDebInfo|x64.ActiveCfg = RelWithDebInfo|x64
		{F8F12F62-4272-386B-8F1A-2A094DC9D335}.RelWithDebInfo|x64.Build.0 = RelWithDebInfo|x64
	EndGlobalSection
	GlobalSection(ExtensibilityGlobals) = postSolution
		SolutionGuid = {CE0B046B-7DC6-33BD-B7ED-5FD19FE0E96F}
	EndGlobalSection
	GlobalSection(ExtensibilityAddIns) = postSolution
	EndGlobalSection
EndGlobal
